// !$*UTF8*$!
{
	archiveVersion = 1;
	classes = {
	};
	objectVersion = 50;
	objects = {

/* Begin PBXBuildFile section */
		D9221D3324DD3C9D00D15EE2 /* AppDelegate.swift in Sources */ = {isa = PBXBuildFile; fileRef = D9221D3224DD3C9D00D15EE2 /* AppDelegate.swift */; };
		D9221D3524DD3C9D00D15EE2 /* SceneDelegate.swift in Sources */ = {isa = PBXBuildFile; fileRef = D9221D3424DD3C9D00D15EE2 /* SceneDelegate.swift */; };
		D9221D3724DD3C9D00D15EE2 /* ViewController.swift in Sources */ = {isa = PBXBuildFile; fileRef = D9221D3624DD3C9D00D15EE2 /* ViewController.swift */; };
		D9221D3A24DD3C9D00D15EE2 /* Main.storyboard in Resources */ = {isa = PBXBuildFile; fileRef = D9221D3824DD3C9D00D15EE2 /* Main.storyboard */; };
		D9221D3C24DD3C9F00D15EE2 /* Assets.xcassets in Resources */ = {isa = PBXBuildFile; fileRef = D9221D3B24DD3C9F00D15EE2 /* Assets.xcassets */; };
		D9221D3F24DD3C9F00D15EE2 /* LaunchScreen.storyboard in Resources */ = {isa = PBXBuildFile; fileRef = D9221D3D24DD3C9F00D15EE2 /* LaunchScreen.storyboard */; };
		D9221D4924DD3FCF00D15EE2 /* SwitchStatus.swift in Sources */ = {isa = PBXBuildFile; fileRef = D9221D4824DD3FCF00D15EE2 /* SwitchStatus.swift */; };
		D9221D4B24DD3FFD00D15EE2 /* Toggolable.swift in Sources */ = {isa = PBXBuildFile; fileRef = D9221D4A24DD3FFD00D15EE2 /* Toggolable.swift */; };
/* End PBXBuildFile section */

/* Begin PBXFileReference section */
		D9221D2F24DD3C9D00D15EE2 /* Protocol_4.app */ = {isa = PBXFileReference; explicitFileType = wrapper.application; includeInIndex = 0; path = Protocol_4.app; sourceTree = BUILT_PRODUCTS_DIR; };
		D9221D3224DD3C9D00D15EE2 /* AppDelegate.swift */ = {isa = PBXFileReference; lastKnownFileType = sourcecode.swift; path = AppDelegate.swift; sourceTree = "<group>"; };
		D9221D3424DD3C9D00D15EE2 /* SceneDelegate.swift */ = {isa = PBXFileReference; lastKnownFileType = sourcecode.swift; path = SceneDelegate.swift; sourceTree = "<group>"; };
		D9221D3624DD3C9D00D15EE2 /* ViewController.swift */ = {isa = PBXFileReference; lastKnownFileType = sourcecode.swift; path = ViewController.swift; sourceTree = "<group>"; };
		D9221D3924DD3C9D00D15EE2 /* Base */ = {isa = PBXFileReference; lastKnownFileType = file.storyboard; name = Base; path = Base.lproj/Main.storyboard; sourceTree = "<group>"; };
		D9221D3B24DD3C9F00D15EE2 /* Assets.xcassets */ = {isa = PBXFileReference; lastKnownFileType = folder.assetcatalog; path = Assets.xcassets; sourceTree = "<group>"; };
		D9221D3E24DD3C9F00D15EE2 /* Base */ = {isa = PBXFileReference; lastKnownFileType = file.storyboard; name = Base; path = Base.lproj/LaunchScreen.storyboard; sourceTree = "<group>"; };
		D9221D4024DD3C9F00D15EE2 /* Info.plist */ = {isa = PBXFileReference; lastKnownFileType = text.plist.xml; path = Info.plist; sourceTree = "<group>"; };
		D9221D4824DD3FCF00D15EE2 /* SwitchStatus.swift */ = {isa = PBXFileReference; lastKnownFileType = sourcecode.swift; path = SwitchStatus.swift; sourceTree = "<group>"; };
		D9221D4A24DD3FFD00D15EE2 /* Toggolable.swift */ = {isa = PBXFileReference; lastKnownFileType = sourcecode.swift; path = Toggolable.swift; sourceTree = "<group>"; };
/* End PBXFileReference section */

/* Begin PBXFrameworksBuildPhase section */
		D9221D2C24DD3C9D00D15EE2 /* Frameworks */ = {
			isa = PBXFrameworksBuildPhase;
			buildActionMask = 2147483647;
			files = (
			);
			runOnlyForDeploymentPostprocessing = 0;
		};
/* End PBXFrameworksBuildPhase section */

/* Begin PBXGroup section */
		D9221D2624DD3C9D00D15EE2 = {
			isa = PBXGroup;
			children = (
				D9221D3124DD3C9D00D15EE2 /* Protocol_4 */,
				D9221D3024DD3C9D00D15EE2 /* Products */,
			);
			sourceTree = "<group>";
		};
		D9221D3024DD3C9D00D15EE2 /* Products */ = {
			isa = PBXGroup;
			children = (
				D9221D2F24DD3C9D00D15EE2 /* Protocol_4.app */,
			);
			name = Products;
			sourceTree = "<group>";
		};
		D9221D3124DD3C9D00D15EE2 /* Protocol_4 */ = {
			isa = PBXGroup;
			children = (
				D9221D4724DD3F8800D15EE2 /* Protocol */,
				D9221D4624DD3F7E00D15EE2 /* Enums */,
				D9221D3224DD3C9D00D15EE2 /* AppDelegate.swift */,
				D9221D3424DD3C9D00D15EE2 /* SceneDelegate.swift */,
				D9221D3624DD3C9D00D15EE2 /* ViewController.swift */,
				D9221D3824DD3C9D00D15EE2 /* Main.storyboard */,
				D9221D3B24DD3C9F00D15EE2 /* Assets.xcassets */,
				D9221D3D24DD3C9F00D15EE2 /* LaunchScreen.storyboard */,
				D9221D4024DD3C9F00D15EE2 /* Info.plist */,
			);
			path = Protocol_4;
			sourceTree = "<group>";
		};
		D9221D4624DD3F7E00D15EE2 /* Enums */ = {
			isa = PBXGroup;
			children = (
				D9221D4824DD3FCF00D15EE2 /* SwitchStatus.swift */,
			);
			path = Enums;
			sourceTree = "<group>";
		};
		D9221D4724DD3F8800D15EE2 /* Protocol */ = {
			isa = PBXGroup;
			children = (
				D9221D4A24DD3FFD00D15EE2 /* Toggolable.swift */,
			);
			path = Protocol;
			sourceTree = "<group>";
		};
/* End PBXGroup section */

/* Begin PBXNativeTarget section */
		D9221D2E24DD3C9D00D15EE2 /* Protocol_4 */ = {
			isa = PBXNativeTarget;
			buildConfigurationList = D9221D4324DD3C9F00D15EE2 /* Build configuration list for PBXNativeTarget "Protocol_4" */;
			buildPhases = (
				D9221D2B24DD3C9D00D15EE2 /* Sources */,
				D9221D2C24DD3C9D00D15EE2 /* Frameworks */,
				D9221D2D24DD3C9D00D15EE2 /* Resources */,
			);
			buildRules = (
			);
			dependencies = (
			);
			name = Protocol_4;
			productName = Protocol_4;
			productReference = D9221D2F24DD3C9D00D15EE2 /* Protocol_4.app */;
			productType = "com.apple.product-type.application";
		};
/* End PBXNativeTarget section */

/* Begin PBXProject section */
		D9221D2724DD3C9D00D15EE2 /* Project object */ = {
			isa = PBXProject;
			attributes = {
				LastSwiftUpdateCheck = 1110;
				LastUpgradeCheck = 1110;
				ORGANIZATIONNAME = MohamedHamid;
				TargetAttributes = {
					D9221D2E24DD3C9D00D15EE2 = {
						CreatedOnToolsVersion = 11.1;
					};
				};
			};
			buildConfigurationList = D9221D2A24DD3C9D00D15EE2 /* Build configuration list for PBXProject "Protocol_4" */;
			compatibilityVersion = "Xcode 9.3";
			developmentRegion = en;
			hasScannedForEncodings = 0;
			knownRegions = (
				en,
				Base,
			);
			mainGroup = D9221D2624DD3C9D00D15EE2;
			productRefGroup = D9221D3024DD3C9D00D15EE2 /* Products */;
			projectDirPath = "";
			projectRoot = "";
			targets = (
				D9221D2E24DD3C9D00D15EE2 /* Protocol_4 */,
			);
		};
/* End PBXProject section */

/* Begin PBXResourcesBuildPhase section */
		D9221D2D24DD3C9D00D15EE2 /* Resources */ = {
			isa = PBXResourcesBuildPhase;
			buildActionMask = 2147483647;
			files = (
				D9221D3F24DD3C9F00D15EE2 /* LaunchScreen.storyboard in Resources */,
				D9221D3C24DD3C9F00D15EE2 /* Assets.xcassets in Resources */,
				D9221D3A24DD3C9D00D15EE2 /* Main.storyboard in Resources */,
			);
			runOnlyForDeploymentPostprocessing = 0;
		};
/* End PBXResourcesBuildPhase section */

/* Begin PBXSourcesBuildPhase section */
		D9221D2B24DD3C9D00D15EE2 /* Sources */ = {
			isa = PBXSourcesBuildPhase;
			buildActionMask = 2147483647;
			files = (
				D9221D3724DD3C9D00D15EE2 /* ViewController.swift in Sources */,
				D9221D3324DD3C9D00D15EE2 /* AppDelegate.swift in Sources */,
				D9221D3524DD3C9D00D15EE2 /* SceneDelegate.swift in Sources */,
				D9221D4924DD3FCF00D15EE2 /* SwitchStatus.swift in Sources */,
				D9221D4B24DD3FFD00D15EE2 /* Toggolable.swift in Sources */,
			);
			runOnlyForDeploymentPostprocessing = 0;
		};
/* End PBXSourcesBuildPhase section */

/* Begin PBXVariantGroup section */
		D9221D3824DD3C9D00D15EE2 /* Main.storyboard */ = {
			isa = PBXVariantGroup;
			children = (
				D9221D3924DD3C9D00D15EE2 /* Base */,
			);
			name = Main.storyboard;
			sourceTree = "<group>";
		};
		D9221D3D24DD3C9F00D15EE2 /* LaunchScreen.storyboard */ = {
			isa = PBXVariantGroup;
			children = (
				D9221D3E24DD3C9F00D15EE2 /* Base */,
			);
			name = LaunchScreen.storyboard;
			sourceTree = "<group>";
		};
/* End PBXVariantGroup section */

/* Begin XCBuildConfiguration section */
		D9221D4124DD3C9F00D15EE2 /* Debug */ = {
			isa = XCBuildConfiguration;
			buildSettings = {
				ALWAYS_SEARCH_USER_PATHS = NO;
				CLANG_ANALYZER_NONNULL = YES;
				CLANG_ANALYZER_NUMBER_OBJECT_CONVERSION = YES_AGGRESSIVE;
				CLANG_CXX_LANGUAGE_STANDARD = "gnu++14";
				CLANG_CXX_LIBRARY = "libc++";
				CLANG_ENABLE_MODULES = YES;
				CLANG_ENABLE_OBJC_ARC = YES;
				CLANG_ENABLE_OBJC_WEAK = YES;
				CLANG_WARN_BLOCK_CAPTURE_AUTORELEASING = YES;
				CLANG_WARN_BOOL_CONVERSION = YES;
				CLANG_WARN_COMMA = YES;
				CLANG_WARN_CONSTANT_CONVERSION = YES;
				CLANG_WARN_DEPRECATED_OBJC_IMPLEMENTATIONS = YES;
				CLANG_WARN_DIRECT_OBJC_ISA_USAGE = YES_ERROR;
				CLANG_WARN_DOCUMENTATION_COMMENTS = YES;
				CLANG_WARN_EMPTY_BODY = YES;
				CLANG_WARN_ENUM_CONVERSION = YES;
				CLANG_WARN_INFINITE_RECURSION = YES;
				CLANG_WARN_INT_CONVERSION = YES;
				CLANG_WARN_NON_LITERAL_NULL_CONVERSION = YES;
				CLANG_WARN_OBJC_IMPLICIT_RETAIN_SELF = YES;
				CLANG_WARN_OBJC_LITERAL_CONVERSION = YES;
				CLANG_WARN_OBJC_ROOT_CLASS = YES_ERROR;
				CLANG_WARN_RANGE_LOOP_ANALYSIS = YES;
				CLANG_WARN_STRICT_PROTOTYPES = YES;
				CLANG_WARN_SUSPICIOUS_MOVE = YES;
				CLANG_WARN_UNGUARDED_AVAILABILITY = YES_AGGRESSIVE;
				CLANG_WARN_UNREACHABLE_CODE = YES;
				CLANG_WARN__DUPLICATE_METHOD_MATCH = YES;
				COPY_PHASE_STRIP = NO;
				DEBUG_INFORMATION_FORMAT = dwarf;
				ENABLE_STRICT_OBJC_MSGSEND = YES;
				ENABLE_TESTABILITY = YES;
				GCC_C_LANGUAGE_STANDARD = gnu11;
				GCC_DYNAMIC_NO_PIC = NO;
				GCC_NO_COMMON_BLOCKS = YES;
				GCC_OPTIMIZATION_LEVEL = 0;
				GCC_PREPROCESSOR_DEFINITIONS = (
					"DEBUG=1",
					"$(inherited)",
				);
				GCC_WARN_64_TO_32_BIT_CONVERSION = YES;
				GCC_WARN_ABOUT_RETURN_TYPE = YES_ERROR;
				GCC_WARN_UNDECLARED_SELECTOR = YES;
				GCC_WARN_UNINITIALIZED_AUTOS = YES_AGGRESSIVE;
				GCC_WARN_UNUSED_FUNCTION = YES;
				GCC_WARN_UNUSED_VARIABLE = YES;
				IPHONEOS_DEPLOYMENT_TARGET = 13.1;
				MTL_ENABLE_DEBUG_INFO = INCLUDE_SOURCE;
				MTL_FAST_MATH = YES;
				ONLY_ACTIVE_ARCH = YES;
				SDKROOT = iphoneos;
				SWIFT_ACTIVE_COMPILATION_CONDITIONS = DEBUG;
				SWIFT_OPTIMIZATION_LEVEL = "-Onone";
			};
			name = Debug;
		};
		D9221D4224DD3C9F00D15EE2 /* Release */ = {
			isa = XCBuildConfiguration;
			buildSettings = {
				ALWAYS_SEARCH_USER_PATHS = NO;
				CLANG_ANALYZER_NONNULL = YES;
				CLANG_ANALYZER_NUMBER_OBJECT_CONVERSION = YES_AGGRESSIVE;
				CLANG_CXX_LANGUAGE_STANDARD = "gnu++14";
				CLANG_CXX_LIBRARY = "libc++";
				CLANG_ENABLE_MODULES = YES;
				CLANG_ENABLE_OBJC_ARC = YES;
				CLANG_ENABLE_OBJC_WEAK = YES;
				CLANG_WARN_BLOCK_CAPTURE_AUTORELEASING = YES;
				CLANG_WARN_BOOL_CONVERSION = YES;
				CLANG_WARN_COMMA = YES;
				CLANG_WARN_CONSTANT_CONVERSION = YES;
				CLANG_WARN_DEPRECATED_OBJC_IMPLEMENTATIONS = YES;
				CLANG_WARN_DIRECT_OBJC_ISA_USAGE = YES_ERROR;
				CLANG_WARN_DOCUMENTATION_COMMENTS = YES;
				CLANG_WARN_EMPTY_BODY = YES;
				CLANG_WARN_ENUM_CONVERSION = YES;
				CLANG_WARN_INFINITE_RECURSION = YES;
				CLANG_WARN_INT_CONVERSION = YES;
				CLANG_WARN_NON_LITERAL_NULL_CONVERSION = YES;
				CLANG_WARN_OBJC_IMPLICIT_RETAIN_SELF = YES;
				CLANG_WARN_OBJC_LITERAL_CONVERSION = YES;
				CLANG_WARN_OBJC_ROOT_CLASS = YES_ERROR;
				CLANG_WARN_RANGE_LOOP_ANALYSIS = YES;
				CLANG_WARN_STRICT_PROTOTYPES = YES;
				CLANG_WARN_SUSPICIOUS_MOVE = YES;
				CLANG_WARN_UNGUARDED_AVAILABILITY = YES_AGGRESSIVE;
				CLANG_WARN_UNREACHABLE_CODE = YES;
				CLANG_WARN__DUPLICATE_METHOD_MATCH = YES;
				COPY_PHASE_STRIP = NO;
				DEBUG_INFORMATION_FORMAT = "dwarf-with-dsym";
				ENABLE_NS_ASSERTIONS = NO;
				ENABLE_STRICT_OBJC_MSGSEND = YES;
				GCC_C_LANGUAGE_STANDARD = gnu11;
				GCC_NO_COMMON_BLOCKS = YES;
				GCC_WARN_64_TO_32_BIT_CONVERSION = YES;
				GCC_WARN_ABOUT_RETURN_TYPE = YES_ERROR;
				GCC_WARN_UNDECLARED_SELECTOR = YES;
				GCC_WARN_UNINITIALIZED_AUTOS = YES_AGGRESSIVE;
				GCC_WARN_UNUSED_FUNCTION = YES;
				GCC_WARN_UNUSED_VARIABLE = YES;
				IPHONEOS_DEPLOYMENT_TARGET = 13.1;
				MTL_ENABLE_DEBUG_INFO = NO;
				MTL_FAST_MATH = YES;
				SDKROOT = iphoneos;
				SWIFT_COMPILATION_MODE = wholemodule;
				SWIFT_OPTIMIZATION_LEVEL = "-O";
				VALIDATE_PRODUCT = YES;
			};
			name = Release;
		};
		D9221D4424DD3C9F00D15EE2 /* Debug */ = {
			isa = XCBuildConfiguration;
			buildSettings = {
				ASSETCATALOG_COMPILER_APPICON_NAME = AppIcon;
				CODE_SIGN_STYLE = Automatic;
				INFOPLIST_FILE = Protocol_4/Info.plist;
				LD_RUNPATH_SEARCH_PATHS = (
					"$(inherited)",
					"@executable_path/Frameworks",
				);
				PRODUCT_BUNDLE_IDENTIFIER = "MohammedHamid.Protocol-4";
				PRODUCT_NAME = "$(TARGET_NAME)";
				SWIFT_VERSION = 5.0;
				TARGETED_DEVICE_FAMILY = "1,2";
			};
			name = Debug;
		};
		D9221D4524DD3C9F00D15EE2 /* Release */ = {
			isa = XCBuildConfiguration;
			buildSettings = {
				ASSETCATALOG_COMPILER_APPICON_NAME = AppIcon;
				CODE_SIGN_STYLE = Automatic;
				INFOPLIST_FILE = Protocol_4/Info.plist;
				LD_RUNPATH_SEARCH_PATHS = (
					"$(inherited)",
					"@executable_path/Frameworks",
				);
				PRODUCT_BUNDLE_IDENTIFIER = "MohammedHamid.Protocol-4";
				PRODUCT_NAME = "$(TARGET_NAME)";
				SWIFT_VERSION = 5.0;
				TARGETED_DEVICE_FAMILY = "1,2";
			};
			name = Release;
		};
/* End XCBuildConfiguration section */

/* Begin XCConfigurationList section */
		D9221D2A24DD3C9D00D15EE2 /* Build configuration list for PBXProject "Protocol_4" */ = {
			isa = XCConfigurationList;
			buildConfigurations = (
				D9221D4124DD3C9F00D15EE2 /* Debug */,
				D9221D4224DD3C9F00D15EE2 /* Release */,
			);
			defaultConfigurationIsVisible = 0;
			defaultConfigurationName = Release;
		};
		D9221D4324DD3C9F00D15EE2 /* Build configuration list for PBXNativeTarget "Protocol_4" */ = {
			isa = XCConfigurationList;
			buildConfigurations = (
				D9221D4424DD3C9F00D15EE2 /* Debug */,
				D9221D4524DD3C9F00D15EE2 /* Release */,
			);
			defaultConfigurationIsVisible = 0;
			defaultConfigurationName = Release;
		};
/* End XCConfigurationList section */
	};
	rootObject = D9221D2724DD3C9D00D15EE2 /* Project object */;
}
